// !$*UTF8*$!
{
	archiveVersion = 1;
	classes = {
	};
	objectVersion = 56;
	objects = {

/* Begin PBXBuildFile section */
		5C581F092AADB609006F94D1 /* NewItemViewViewModel.swift in Sources */ = {isa = PBXBuildFile; fileRef = 5C581F082AADB609006F94D1 /* NewItemViewViewModel.swift */; };
		5C581F0B2AAE2476006F94D1 /* TodoListViewViewModel.swift in Sources */ = {isa = PBXBuildFile; fileRef = 5C581F0A2AAE2476006F94D1 /* TodoListViewViewModel.swift */; };
		5C581F0D2AB07C8A006F94D1 /* TodoListItemViewViewModel.swift in Sources */ = {isa = PBXBuildFile; fileRef = 5C581F0C2AB07C8A006F94D1 /* TodoListItemViewViewModel.swift */; };
		5C581F0F2AB09F78006F94D1 /* LeckerliOne.otf in Resources */ = {isa = PBXBuildFile; fileRef = 5C581F0E2AB09F77006F94D1 /* LeckerliOne.otf */; };
		5C82D4D62AAAFE21006D626A /* HeaderView.swift in Sources */ = {isa = PBXBuildFile; fileRef = 5C82D4D52AAAFE21006D626A /* HeaderView.swift */; };
		5C82D4DA2AAB0DCF006D626A /* BigButtonView.swift in Sources */ = {isa = PBXBuildFile; fileRef = 5C82D4D92AAB0DCF006D626A /* BigButtonView.swift */; };
		5C82D4DC2AAB6344006D626A /* LoginMethodsView.swift in Sources */ = {isa = PBXBuildFile; fileRef = 5C82D4DB2AAB6344006D626A /* LoginMethodsView.swift */; };
		5C82D4DE2AAC7460006D626A /* Extensions.swift in Sources */ = {isa = PBXBuildFile; fileRef = 5C82D4DD2AAC745F006D626A /* Extensions.swift */; };
		5C82D4E42AAD9CD7006D626A /* ProfileViewViewModel.swift in Sources */ = {isa = PBXBuildFile; fileRef = 5C82D4E32AAD9CD7006D626A /* ProfileViewViewModel.swift */; };
		5CD739322AA1F3A300F7A0AF /* TodoListApp.swift in Sources */ = {isa = PBXBuildFile; fileRef = 5CD739312AA1F3A300F7A0AF /* TodoListApp.swift */; };
		5CD739342AA1F3A300F7A0AF /* MainView.swift in Sources */ = {isa = PBXBuildFile; fileRef = 5CD739332AA1F3A300F7A0AF /* MainView.swift */; };
		5CD739362AA1F3A500F7A0AF /* Assets.xcassets in Resources */ = {isa = PBXBuildFile; fileRef = 5CD739352AA1F3A500F7A0AF /* Assets.xcassets */; };
		5CD739392AA1F3A500F7A0AF /* Preview Assets.xcassets in Resources */ = {isa = PBXBuildFile; fileRef = 5CD739382AA1F3A500F7A0AF /* Preview Assets.xcassets */; };
		5CD739402AA1F4DA00F7A0AF /* GoogleService-Info.plist in Resources */ = {isa = PBXBuildFile; fileRef = 5CD7393F2AA1F4DA00F7A0AF /* GoogleService-Info.plist */; };
		5CD739432AA201A200F7A0AF /* FirebaseAuth in Frameworks */ = {isa = PBXBuildFile; productRef = 5CD739422AA201A200F7A0AF /* FirebaseAuth */; };
		5CD739452AA201A200F7A0AF /* FirebaseFirestore in Frameworks */ = {isa = PBXBuildFile; productRef = 5CD739442AA201A200F7A0AF /* FirebaseFirestore */; };
		5CD739472AA201A200F7A0AF /* FirebaseFirestoreSwift in Frameworks */ = {isa = PBXBuildFile; productRef = 5CD739462AA201A200F7A0AF /* FirebaseFirestoreSwift */; };
		5CD7394C2AA205B300F7A0AF /* ProfileView.swift in Sources */ = {isa = PBXBuildFile; fileRef = 5CD7394B2AA205B300F7A0AF /* ProfileView.swift */; };
		5CD7394E2AA205D000F7A0AF /* TodoListItemView.swift in Sources */ = {isa = PBXBuildFile; fileRef = 5CD7394D2AA205D000F7A0AF /* TodoListItemView.swift */; };
		5CD739502AA205E500F7A0AF /* NewItemView.swift in Sources */ = {isa = PBXBuildFile; fileRef = 5CD7394F2AA205E500F7A0AF /* NewItemView.swift */; };
		5CD739522AA205F700F7A0AF /* LoginView.swift in Sources */ = {isa = PBXBuildFile; fileRef = 5CD739512AA205F700F7A0AF /* LoginView.swift */; };
		5CD739542AA2060400F7A0AF /* RegisterView.swift in Sources */ = {isa = PBXBuildFile; fileRef = 5CD739532AA2060400F7A0AF /* RegisterView.swift */; };
		5CD739562AA2064900F7A0AF /* TodoListView.swift in Sources */ = {isa = PBXBuildFile; fileRef = 5CD739552AA2064900F7A0AF /* TodoListView.swift */; };
		5CD739582AA2066900F7A0AF /* User.swift in Sources */ = {isa = PBXBuildFile; fileRef = 5CD739572AA2066900F7A0AF /* User.swift */; };
		5CD7395A2AA2068700F7A0AF /* TodoItem.swift in Sources */ = {isa = PBXBuildFile; fileRef = 5CD739592AA2068700F7A0AF /* TodoItem.swift */; };
		5CD7395C2AA206B000F7A0AF /* MainViewViewModel.swift in Sources */ = {isa = PBXBuildFile; fileRef = 5CD7395B2AA206B000F7A0AF /* MainViewViewModel.swift */; };
		5CD739622AA24C6F00F7A0AF /* Pacifico.ttf in Resources */ = {isa = PBXBuildFile; fileRef = 5CD739612AA24C6F00F7A0AF /* Pacifico.ttf */; };
		5CD739642AA2575600F7A0AF /* LoginViewViewModel.swift in Sources */ = {isa = PBXBuildFile; fileRef = 5CD739632AA2575600F7A0AF /* LoginViewViewModel.swift */; };
		5CD739662AA2584300F7A0AF /* RegisterViewViewModel.swift in Sources */ = {isa = PBXBuildFile; fileRef = 5CD739652AA2584300F7A0AF /* RegisterViewViewModel.swift */; };
/* End PBXBuildFile section */

/* Begin PBXFileReference section */
		5C581F082AADB609006F94D1 /* NewItemViewViewModel.swift */ = {isa = PBXFileReference; lastKnownFileType = sourcecode.swift; path = NewItemViewViewModel.swift; sourceTree = "<group>"; };
		5C581F0A2AAE2476006F94D1 /* TodoListViewViewModel.swift */ = {isa = PBXFileReference; lastKnownFileType = sourcecode.swift; path = TodoListViewViewModel.swift; sourceTree = "<group>"; };
		5C581F0C2AB07C8A006F94D1 /* TodoListItemViewViewModel.swift */ = {isa = PBXFileReference; lastKnownFileType = sourcecode.swift; path = TodoListItemViewViewModel.swift; sourceTree = "<group>"; };
		5C581F0E2AB09F77006F94D1 /* LeckerliOne.otf */ = {isa = PBXFileReference; lastKnownFileType = file; path = LeckerliOne.otf; sourceTree = "<group>"; };
		5C82D4D52AAAFE21006D626A /* HeaderView.swift */ = {isa = PBXFileReference; lastKnownFileType = sourcecode.swift; path = HeaderView.swift; sourceTree = "<group>"; };
		5C82D4D92AAB0DCF006D626A /* BigButtonView.swift */ = {isa = PBXFileReference; lastKnownFileType = sourcecode.swift; path = BigButtonView.swift; sourceTree = "<group>"; };
		5C82D4DB2AAB6344006D626A /* LoginMethodsView.swift */ = {isa = PBXFileReference; lastKnownFileType = sourcecode.swift; path = LoginMethodsView.swift; sourceTree = "<group>"; };
		5C82D4DD2AAC745F006D626A /* Extensions.swift */ = {isa = PBXFileReference; lastKnownFileType = sourcecode.swift; path = Extensions.swift; sourceTree = "<group>"; };
		5C82D4E32AAD9CD7006D626A /* ProfileViewViewModel.swift */ = {isa = PBXFileReference; lastKnownFileType = sourcecode.swift; path = ProfileViewViewModel.swift; sourceTree = "<group>"; };
		5CD7392E2AA1F3A300F7A0AF /* TodoList.app */ = {isa = PBXFileReference; explicitFileType = wrapper.application; includeInIndex = 0; path = TodoList.app; sourceTree = BUILT_PRODUCTS_DIR; };
		5CD739312AA1F3A300F7A0AF /* TodoListApp.swift */ = {isa = PBXFileReference; lastKnownFileType = sourcecode.swift; path = TodoListApp.swift; sourceTree = "<group>"; };
		5CD739332AA1F3A300F7A0AF /* MainView.swift */ = {isa = PBXFileReference; lastKnownFileType = sourcecode.swift; path = MainView.swift; sourceTree = "<group>"; };
		5CD739352AA1F3A500F7A0AF /* Assets.xcassets */ = {isa = PBXFileReference; lastKnownFileType = folder.assetcatalog; path = Assets.xcassets; sourceTree = "<group>"; };
		5CD739382AA1F3A500F7A0AF /* Preview Assets.xcassets */ = {isa = PBXFileReference; lastKnownFileType = folder.assetcatalog; path = "Preview Assets.xcassets"; sourceTree = "<group>"; };
		5CD7393F2AA1F4DA00F7A0AF /* GoogleService-Info.plist */ = {isa = PBXFileReference; fileEncoding = 4; lastKnownFileType = text.plist.xml; path = "GoogleService-Info.plist"; sourceTree = "<group>"; };
		5CD7394B2AA205B300F7A0AF /* ProfileView.swift */ = {isa = PBXFileReference; lastKnownFileType = sourcecode.swift; path = ProfileView.swift; sourceTree = "<group>"; };
		5CD7394D2AA205D000F7A0AF /* TodoListItemView.swift */ = {isa = PBXFileReference; lastKnownFileType = sourcecode.swift; path = TodoListItemView.swift; sourceTree = "<group>"; };
		5CD7394F2AA205E500F7A0AF /* NewItemView.swift */ = {isa = PBXFileReference; lastKnownFileType = sourcecode.swift; path = NewItemView.swift; sourceTree = "<group>"; };
		5CD739512AA205F700F7A0AF /* LoginView.swift */ = {isa = PBXFileReference; lastKnownFileType = sourcecode.swift; path = LoginView.swift; sourceTree = "<group>"; };
		5CD739532AA2060400F7A0AF /* RegisterView.swift */ = {isa = PBXFileReference; lastKnownFileType = sourcecode.swift; path = RegisterView.swift; sourceTree = "<group>"; };
		5CD739552AA2064900F7A0AF /* TodoListView.swift */ = {isa = PBXFileReference; lastKnownFileType = sourcecode.swift; path = TodoListView.swift; sourceTree = "<group>"; };
		5CD739572AA2066900F7A0AF /* User.swift */ = {isa = PBXFileReference; lastKnownFileType = sourcecode.swift; path = User.swift; sourceTree = "<group>"; };
		5CD739592AA2068700F7A0AF /* TodoItem.swift */ = {isa = PBXFileReference; lastKnownFileType = sourcecode.swift; path = TodoItem.swift; sourceTree = "<group>"; };
		5CD7395B2AA206B000F7A0AF /* MainViewViewModel.swift */ = {isa = PBXFileReference; lastKnownFileType = sourcecode.swift; path = MainViewViewModel.swift; sourceTree = "<group>"; };
		5CD7395D2AA2410F00F7A0AF /* Info.plist */ = {isa = PBXFileReference; lastKnownFileType = text.plist; path = Info.plist; sourceTree = "<group>"; };
		5CD739612AA24C6F00F7A0AF /* Pacifico.ttf */ = {isa = PBXFileReference; lastKnownFileType = file; path = Pacifico.ttf; sourceTree = "<group>"; };
		5CD739632AA2575600F7A0AF /* LoginViewViewModel.swift */ = {isa = PBXFileReference; lastKnownFileType = sourcecode.swift; path = LoginViewViewModel.swift; sourceTree = "<group>"; };
		5CD739652AA2584300F7A0AF /* RegisterViewViewModel.swift */ = {isa = PBXFileReference; lastKnownFileType = sourcecode.swift; path = RegisterViewViewModel.swift; sourceTree = "<group>"; };
/* End PBXFileReference section */

/* Begin PBXFrameworksBuildPhase section */
		5CD7392B2AA1F3A300F7A0AF /* Frameworks */ = {
			isa = PBXFrameworksBuildPhase;
			buildActionMask = 2147483647;
			files = (
				5CD739432AA201A200F7A0AF /* FirebaseAuth in Frameworks */,
				5CD739452AA201A200F7A0AF /* FirebaseFirestore in Frameworks */,
				5CD739472AA201A200F7A0AF /* FirebaseFirestoreSwift in Frameworks */,
			);
			runOnlyForDeploymentPostprocessing = 0;
		};
/* End PBXFrameworksBuildPhase section */

/* Begin PBXGroup section */
		5CD739252AA1F3A300F7A0AF = {
			isa = PBXGroup;
			children = (
				5CD739302AA1F3A300F7A0AF /* TodoList */,
				5CD7392F2AA1F3A300F7A0AF /* Products */,
			);
			sourceTree = "<group>";
		};
		5CD7392F2AA1F3A300F7A0AF /* Products */ = {
			isa = PBXGroup;
			children = (
				5CD7392E2AA1F3A300F7A0AF /* TodoList.app */,
			);
			name = Products;
			sourceTree = "<group>";
		};
		5CD739302AA1F3A300F7A0AF /* TodoList */ = {
			isa = PBXGroup;
			children = (
				5CD7393F2AA1F4DA00F7A0AF /* GoogleService-Info.plist */,
				5CD739612AA24C6F00F7A0AF /* Pacifico.ttf */,
				5C581F0E2AB09F77006F94D1 /* LeckerliOne.otf */,
				5CD7395D2AA2410F00F7A0AF /* Info.plist */,
				5CD7394A2AA204EC00F7A0AF /* Models */,
				5CD739492AA204BB00F7A0AF /* ViewModels */,
				5CD739482AA204AD00F7A0AF /* Views */,
				5CD739312AA1F3A300F7A0AF /* TodoListApp.swift */,
				5CD739352AA1F3A500F7A0AF /* Assets.xcassets */,
				5CD739372AA1F3A500F7A0AF /* Preview Content */,
			);
			path = TodoList;
			sourceTree = "<group>";
		};
		5CD739372AA1F3A500F7A0AF /* Preview Content */ = {
			isa = PBXGroup;
			children = (
				5CD739382AA1F3A500F7A0AF /* Preview Assets.xcassets */,
			);
			path = "Preview Content";
			sourceTree = "<group>";
		};
		5CD739482AA204AD00F7A0AF /* Views */ = {
			isa = PBXGroup;
			children = (
				5CD739332AA1F3A300F7A0AF /* MainView.swift */,
				5C82D4D92AAB0DCF006D626A /* BigButtonView.swift */,
				5CD7394B2AA205B300F7A0AF /* ProfileView.swift */,
				5CD7394D2AA205D000F7A0AF /* TodoListItemView.swift */,
				5CD7394F2AA205E500F7A0AF /* NewItemView.swift */,
				5CD739512AA205F700F7A0AF /* LoginView.swift */,
				5C82D4DB2AAB6344006D626A /* LoginMethodsView.swift */,
				5CD739532AA2060400F7A0AF /* RegisterView.swift */,
				5CD739552AA2064900F7A0AF /* TodoListView.swift */,
				5C82D4D52AAAFE21006D626A /* HeaderView.swift */,
			);
			path = Views;
			sourceTree = "<group>";
		};
		5CD739492AA204BB00F7A0AF /* ViewModels */ = {
			isa = PBXGroup;
			children = (
				5CD7395B2AA206B000F7A0AF /* MainViewViewModel.swift */,
				5CD739632AA2575600F7A0AF /* LoginViewViewModel.swift */,
				5CD739652AA2584300F7A0AF /* RegisterViewViewModel.swift */,
				5C82D4E32AAD9CD7006D626A /* ProfileViewViewModel.swift */,
				5C581F082AADB609006F94D1 /* NewItemViewViewModel.swift */,
				5C581F0A2AAE2476006F94D1 /* TodoListViewViewModel.swift */,
				5C581F0C2AB07C8A006F94D1 /* TodoListItemViewViewModel.swift */,
			);
			path = ViewModels;
			sourceTree = "<group>";
		};
		5CD7394A2AA204EC00F7A0AF /* Models */ = {
			isa = PBXGroup;
			children = (
				5CD739572AA2066900F7A0AF /* User.swift */,
				5CD739592AA2068700F7A0AF /* TodoItem.swift */,
				5C82D4DD2AAC745F006D626A /* Extensions.swift */,
			);
			path = Models;
			sourceTree = "<group>";
		};
/* End PBXGroup section */

/* Begin PBXNativeTarget section */
		5CD7392D2AA1F3A300F7A0AF /* TodoList */ = {
			isa = PBXNativeTarget;
			buildConfigurationList = 5CD7393C2AA1F3A500F7A0AF /* Build configuration list for PBXNativeTarget "TodoList" */;
			buildPhases = (
				5CD7392A2AA1F3A300F7A0AF /* Sources */,
				5CD7392B2AA1F3A300F7A0AF /* Frameworks */,
				5CD7392C2AA1F3A300F7A0AF /* Resources */,
			);
			buildRules = (
			);
			dependencies = (
			);
			name = TodoList;
			packageProductDependencies = (
				5CD739422AA201A200F7A0AF /* FirebaseAuth */,
				5CD739442AA201A200F7A0AF /* FirebaseFirestore */,
				5CD739462AA201A200F7A0AF /* FirebaseFirestoreSwift */,
			);
			productName = TodoList;
			productReference = 5CD7392E2AA1F3A300F7A0AF /* TodoList.app */;
			productType = "com.apple.product-type.application";
		};
/* End PBXNativeTarget section */

/* Begin PBXProject section */
		5CD739262AA1F3A300F7A0AF /* Project object */ = {
			isa = PBXProject;
			attributes = {
				BuildIndependentTargetsInParallel = 1;
				LastSwiftUpdateCheck = 1430;
				LastUpgradeCheck = 1430;
				TargetAttributes = {
					5CD7392D2AA1F3A300F7A0AF = {
						CreatedOnToolsVersion = 14.3.1;
					};
				};
			};
			buildConfigurationList = 5CD739292AA1F3A300F7A0AF /* Build configuration list for PBXProject "TodoList" */;
			compatibilityVersion = "Xcode 14.0";
			developmentRegion = en;
			hasScannedForEncodings = 0;
			knownRegions = (
				en,
				Base,
			);
			mainGroup = 5CD739252AA1F3A300F7A0AF;
			packageReferences = (
				5CD739412AA201A100F7A0AF /* XCRemoteSwiftPackageReference "firebase-ios-sdk" */,
			);
			productRefGroup = 5CD7392F2AA1F3A300F7A0AF /* Products */;
			projectDirPath = "";
			projectRoot = "";
			targets = (
				5CD7392D2AA1F3A300F7A0AF /* TodoList */,
			);
		};
/* End PBXProject section */

/* Begin PBXResourcesBuildPhase section */
		5CD7392C2AA1F3A300F7A0AF /* Resources */ = {
			isa = PBXResourcesBuildPhase;
			buildActionMask = 2147483647;
			files = (
				5CD739392AA1F3A500F7A0AF /* Preview Assets.xcassets in Resources */,
				5CD739362AA1F3A500F7A0AF /* Assets.xcassets in Resources */,
				5C581F0F2AB09F78006F94D1 /* LeckerliOne.otf in Resources */,
				5CD739622AA24C6F00F7A0AF /* Pacifico.ttf in Resources */,
				5CD739402AA1F4DA00F7A0AF /* GoogleService-Info.plist in Resources */,
			);
			runOnlyForDeploymentPostprocessing = 0;
		};
/* End PBXResourcesBuildPhase section */

/* Begin PBXSourcesBuildPhase section */
		5CD7392A2AA1F3A300F7A0AF /* Sources */ = {
			isa = PBXSourcesBuildPhase;
			buildActionMask = 2147483647;
			files = (
				5CD7395A2AA2068700F7A0AF /* TodoItem.swift in Sources */,
				5CD739522AA205F700F7A0AF /* LoginView.swift in Sources */,
				5CD7395C2AA206B000F7A0AF /* MainViewViewModel.swift in Sources */,
				5CD739342AA1F3A300F7A0AF /* MainView.swift in Sources */,
				5CD739562AA2064900F7A0AF /* TodoListView.swift in Sources */,
				5C82D4E42AAD9CD7006D626A /* ProfileViewViewModel.swift in Sources */,
				5CD7394E2AA205D000F7A0AF /* TodoListItemView.swift in Sources */,
				5CD739542AA2060400F7A0AF /* RegisterView.swift in Sources */,
				5CD739662AA2584300F7A0AF /* RegisterViewViewModel.swift in Sources */,
				5CD739642AA2575600F7A0AF /* LoginViewViewModel.swift in Sources */,
				5C82D4DC2AAB6344006D626A /* LoginMethodsView.swift in Sources */,
				5C581F0B2AAE2476006F94D1 /* TodoListViewViewModel.swift in Sources */,
				5CD739582AA2066900F7A0AF /* User.swift in Sources */,
				5C82D4DA2AAB0DCF006D626A /* BigButtonView.swift in Sources */,
				5C581F0D2AB07C8A006F94D1 /* TodoListItemViewViewModel.swift in Sources */,
				5CD7394C2AA205B300F7A0AF /* ProfileView.swift in Sources */,
				5CD739322AA1F3A300F7A0AF /* TodoListApp.swift in Sources */,
				5C581F092AADB609006F94D1 /* NewItemViewViewModel.swift in Sources */,
				5C82D4DE2AAC7460006D626A /* Extensions.swift in Sources */,
				5CD739502AA205E500F7A0AF /* NewItemView.swift in Sources */,
				5C82D4D62AAAFE21006D626A /* HeaderView.swift in Sources */,
			);
			runOnlyForDeploymentPostprocessing = 0;
		};
/* End PBXSourcesBuildPhase section */

/* Begin XCBuildConfiguration section */
		5CD7393A2AA1F3A500F7A0AF /* Debug */ = {
			isa = XCBuildConfiguration;
			buildSettings = {
				ALWAYS_SEARCH_USER_PATHS = NO;
				CLANG_ANALYZER_NONNULL = YES;
				CLANG_ANALYZER_NUMBER_OBJECT_CONVERSION = YES_AGGRESSIVE;
				CLANG_CXX_LANGUAGE_STANDARD = "gnu++20";
				CLANG_ENABLE_MODULES = YES;
				CLANG_ENABLE_OBJC_ARC = YES;
				CLANG_ENABLE_OBJC_WEAK = YES;
				CLANG_WARN_BLOCK_CAPTURE_AUTORELEASING = YES;
				CLANG_WARN_BOOL_CONVERSION = YES;
				CLANG_WARN_COMMA = YES;
				CLANG_WARN_CONSTANT_CONVERSION = YES;
				CLANG_WARN_DEPRECATED_OBJC_IMPLEMENTATIONS = YES;
				CLANG_WARN_DIRECT_OBJC_ISA_USAGE = YES_ERROR;
				CLANG_WARN_DOCUMENTATION_COMMENTS = YES;
				CLANG_WARN_EMPTY_BODY = YES;
				CLANG_WARN_ENUM_CONVERSION = YES;
				CLANG_WARN_INFINITE_RECURSION = YES;
				CLANG_WARN_INT_CONVERSION = YES;
				CLANG_WARN_NON_LITERAL_NULL_CONVERSION = YES;
				CLANG_WARN_OBJC_IMPLICIT_RETAIN_SELF = YES;
				CLANG_WARN_OBJC_LITERAL_CONVERSION = YES;
				CLANG_WARN_OBJC_ROOT_CLASS = YES_ERROR;
				CLANG_WARN_QUOTED_INCLUDE_IN_FRAMEWORK_HEADER = YES;
				CLANG_WARN_RANGE_LOOP_ANALYSIS = YES;
				CLANG_WARN_STRICT_PROTOTYPES = YES;
				CLANG_WARN_SUSPICIOUS_MOVE = YES;
				CLANG_WARN_UNGUARDED_AVAILABILITY = YES_AGGRESSIVE;
				CLANG_WARN_UNREACHABLE_CODE = YES;
				CLANG_WARN__DUPLICATE_METHOD_MATCH = YES;
				COPY_PHASE_STRIP = NO;
				DEBUG_INFORMATION_FORMAT = dwarf;
				ENABLE_STRICT_OBJC_MSGSEND = YES;
				ENABLE_TESTABILITY = YES;
				GCC_C_LANGUAGE_STANDARD = gnu11;
				GCC_DYNAMIC_NO_PIC = NO;
				GCC_NO_COMMON_BLOCKS = YES;
				GCC_OPTIMIZATION_LEVEL = 0;
				GCC_PREPROCESSOR_DEFINITIONS = (
					"DEBUG=1",
					"$(inherited)",
				);
				GCC_WARN_64_TO_32_BIT_CONVERSION = YES;
				GCC_WARN_ABOUT_RETURN_TYPE = YES_ERROR;
				GCC_WARN_UNDECLARED_SELECTOR = YES;
				GCC_WARN_UNINITIALIZED_AUTOS = YES_AGGRESSIVE;
				GCC_WARN_UNUSED_FUNCTION = YES;
				GCC_WARN_UNUSED_VARIABLE = YES;
				IPHONEOS_DEPLOYMENT_TARGET = 16.4;
				MTL_ENABLE_DEBUG_INFO = INCLUDE_SOURCE;
				MTL_FAST_MATH = YES;
				ONLY_ACTIVE_ARCH = YES;
				SDKROOT = iphoneos;
				SWIFT_ACTIVE_COMPILATION_CONDITIONS = DEBUG;
				SWIFT_OPTIMIZATION_LEVEL = "-Onone";
			};
			name = Debug;
		};
		5CD7393B2AA1F3A500F7A0AF /* Release */ = {
			isa = XCBuildConfiguration;
			buildSettings = {
				ALWAYS_SEARCH_USER_PATHS = NO;
				CLANG_ANALYZER_NONNULL = YES;
				CLANG_ANALYZER_NUMBER_OBJECT_CONVERSION = YES_AGGRESSIVE;
				CLANG_CXX_LANGUAGE_STANDARD = "gnu++20";
				CLANG_ENABLE_MODULES = YES;
				CLANG_ENABLE_OBJC_ARC = YES;
				CLANG_ENABLE_OBJC_WEAK = YES;
				CLANG_WARN_BLOCK_CAPTURE_AUTORELEASING = YES;
				CLANG_WARN_BOOL_CONVERSION = YES;
				CLANG_WARN_COMMA = YES;
				CLANG_WARN_CONSTANT_CONVERSION = YES;
				CLANG_WARN_DEPRECATED_OBJC_IMPLEMENTATIONS = YES;
				CLANG_WARN_DIRECT_OBJC_ISA_USAGE = YES_ERROR;
				CLANG_WARN_DOCUMENTATION_COMMENTS = YES;
				CLANG_WARN_EMPTY_BODY = YES;
				CLANG_WARN_ENUM_CONVERSION = YES;
				CLANG_WARN_INFINITE_RECURSION = YES;
				CLANG_WARN_INT_CONVERSION = YES;
				CLANG_WARN_NON_LITERAL_NULL_CONVERSION = YES;
				CLANG_WARN_OBJC_IMPLICIT_RETAIN_SELF = YES;
				CLANG_WARN_OBJC_LITERAL_CONVERSION = YES;
				CLANG_WARN_OBJC_ROOT_CLASS = YES_ERROR;
				CLANG_WARN_QUOTED_INCLUDE_IN_FRAMEWORK_HEADER = YES;
				CLANG_WARN_RANGE_LOOP_ANALYSIS = YES;
				CLANG_WARN_STRICT_PROTOTYPES = YES;
				CLANG_WARN_SUSPICIOUS_MOVE = YES;
				CLANG_WARN_UNGUARDED_AVAILABILITY = YES_AGGRESSIVE;
				CLANG_WARN_UNREACHABLE_CODE = YES;
				CLANG_WARN__DUPLICATE_METHOD_MATCH = YES;
				COPY_PHASE_STRIP = NO;
				DEBUG_INFORMATION_FORMAT = "dwarf-with-dsym";
				ENABLE_NS_ASSERTIONS = NO;
				ENABLE_STRICT_OBJC_MSGSEND = YES;
				GCC_C_LANGUAGE_STANDARD = gnu11;
				GCC_NO_COMMON_BLOCKS = YES;
				GCC_WARN_64_TO_32_BIT_CONVERSION = YES;
				GCC_WARN_ABOUT_RETURN_TYPE = YES_ERROR;
				GCC_WARN_UNDECLARED_SELECTOR = YES;
				GCC_WARN_UNINITIALIZED_AUTOS = YES_AGGRESSIVE;
				GCC_WARN_UNUSED_FUNCTION = YES;
				GCC_WARN_UNUSED_VARIABLE = YES;
				IPHONEOS_DEPLOYMENT_TARGET = 16.4;
				MTL_ENABLE_DEBUG_INFO = NO;
				MTL_FAST_MATH = YES;
				SDKROOT = iphoneos;
				SWIFT_COMPILATION_MODE = wholemodule;
				SWIFT_OPTIMIZATION_LEVEL = "-O";
				VALIDATE_PRODUCT = YES;
			};
			name = Release;
		};
		5CD7393D2AA1F3A500F7A0AF /* Debug */ = {
			isa = XCBuildConfiguration;
			buildSettings = {
				ASSETCATALOG_COMPILER_APPICON_NAME = AppIcon;
				ASSETCATALOG_COMPILER_GLOBAL_ACCENT_COLOR_NAME = AccentColor;
				CODE_SIGN_STYLE = Automatic;
				CURRENT_PROJECT_VERSION = 1;
				DEVELOPMENT_ASSET_PATHS = "\"TodoList/Preview Content\"";
				DEVELOPMENT_TEAM = 96U7DGUQDM;
				ENABLE_PREVIEWS = YES;
				GENERATE_INFOPLIST_FILE = YES;
				INFOPLIST_FILE = TodoList/Info.plist;
				INFOPLIST_KEY_UIApplicationSceneManifest_Generation = YES;
				INFOPLIST_KEY_UIApplicationSupportsIndirectInputEvents = YES;
				INFOPLIST_KEY_UILaunchScreen_Generation = YES;
				INFOPLIST_KEY_UISupportedInterfaceOrientations_iPad = "UIInterfaceOrientationPortrait UIInterfaceOrientationPortraitUpsideDown UIInterfaceOrientationLandscapeLeft UIInterfaceOrientationLandscapeRight";
				INFOPLIST_KEY_UISupportedInterfaceOrientations_iPhone = "UIInterfaceOrientationPortrait UIInterfaceOrientationLandscapeLeft UIInterfaceOrientationLandscapeRight";
				LD_RUNPATH_SEARCH_PATHS = (
					"$(inherited)",
					"@executable_path/Frameworks",
				);
				MARKETING_VERSION = 1.0;
				PRODUCT_BUNDLE_IDENTIFIER = com.amanbind.TodoList;
				PRODUCT_NAME = "$(TARGET_NAME)";
				SWIFT_EMIT_LOC_STRINGS = YES;
				SWIFT_VERSION = 5.0;
				TARGETED_DEVICE_FAMILY = "1,2";
			};
			name = Debug;
		};
		5CD7393E2AA1F3A500F7A0AF /* Release */ = {
			isa = XCBuildConfiguration;
			buildSettings = {
				ASSETCATALOG_COMPILER_APPICON_NAME = AppIcon;
				ASSETCATALOG_COMPILER_GLOBAL_ACCENT_COLOR_NAME = AccentColor;
				CODE_SIGN_STYLE = Automatic;
				CURRENT_PROJECT_VERSION = 1;
				DEVELOPMENT_ASSET_PATHS = "\"TodoList/Preview Content\"";
				DEVELOPMENT_TEAM = 96U7DGUQDM;
				ENABLE_PREVIEWS = YES;
				GENERATE_INFOPLIST_FILE = YES;
				INFOPLIST_FILE = TodoList/Info.plist;
				INFOPLIST_KEY_UIApplicationSceneManifest_Generation = YES;
				INFOPLIST_KEY_UIApplicationSupportsIndirectInputEvents = YES;
				INFOPLIST_KEY_UILaunchScreen_Generation = YES;
				INFOPLIST_KEY_UISupportedInterfaceOrientations_iPad = "UIInterfaceOrientationPortrait UIInterfaceOrientationPortraitUpsideDown UIInterfaceOrientationLandscapeLeft UIInterfaceOrientationLandscapeRight";
				INFOPLIST_KEY_UISupportedInterfaceOrientations_iPhone = "UIInterfaceOrientationPortrait UIInterfaceOrientationLandscapeLeft UIInterfaceOrientationLandscapeRight";
				LD_RUNPATH_SEARCH_PATHS = (
					"$(inherited)",
					"@executable_path/Frameworks",
				);
				MARKETING_VERSION = 1.0;
				PRODUCT_BUNDLE_IDENTIFIER = com.amanbind.TodoList;
				PRODUCT_NAME = "$(TARGET_NAME)";
				SWIFT_EMIT_LOC_STRINGS = YES;
				SWIFT_VERSION = 5.0;
				TARGETED_DEVICE_FAMILY = "1,2";
			};
			name = Release;
		};
/* End XCBuildConfiguration section */

/* Begin XCConfigurationList section */
		5CD739292AA1F3A300F7A0AF /* Build configuration list for PBXProject "TodoList" */ = {
			isa = XCConfigurationList;
			buildConfigurations = (
				5CD7393A2AA1F3A500F7A0AF /* Debug */,
				5CD7393B2AA1F3A500F7A0AF /* Release */,
			);
			defaultConfigurationIsVisible = 0;
			defaultConfigurationName = Release;
		};
		5CD7393C2AA1F3A500F7A0AF /* Build configuration list for PBXNativeTarget "TodoList" */ = {
			isa = XCConfigurationList;
			buildConfigurations = (
				5CD7393D2AA1F3A500F7A0AF /* Debug */,
				5CD7393E2AA1F3A500F7A0AF /* Release */,
			);
			defaultConfigurationIsVisible = 0;
			defaultConfigurationName = Release;
		};
/* End XCConfigurationList section */

/* Begin XCRemoteSwiftPackageReference section */
		5CD739412AA201A100F7A0AF /* XCRemoteSwiftPackageReference "firebase-ios-sdk" */ = {
			isa = XCRemoteSwiftPackageReference;
			repositoryURL = "https://github.com/firebase/firebase-ios-sdk";
			requirement = {
				kind = upToNextMajorVersion;
				minimumVersion = 10.0.0;
			};
		};
/* End XCRemoteSwiftPackageReference section */

/* Begin XCSwiftPackageProductDependency section */
		5CD739422AA201A200F7A0AF /* FirebaseAuth */ = {
			isa = XCSwiftPackageProductDependency;
			package = 5CD739412AA201A100F7A0AF /* XCRemoteSwiftPackageReference "firebase-ios-sdk" */;
			productName = FirebaseAuth;
		};
		5CD739442AA201A200F7A0AF /* FirebaseFirestore */ = {
			isa = XCSwiftPackageProductDependency;
			package = 5CD739412AA201A100F7A0AF /* XCRemoteSwiftPackageReference "firebase-ios-sdk" */;
			productName = FirebaseFirestore;
		};
		5CD739462AA201A200F7A0AF /* FirebaseFirestoreSwift */ = {
			isa = XCSwiftPackageProductDependency;
			package = 5CD739412AA201A100F7A0AF /* XCRemoteSwiftPackageReference "firebase-ios-sdk" */;
			productName = FirebaseFirestoreSwift;
		};
/* End XCSwiftPackageProductDependency section */
	};
	rootObject = 5CD739262AA1F3A300F7A0AF /* Project object */;
}
